
Microsoft Visual Studio Solution File, Format Version 12.00
# Visual Studio Version 16
VisualStudioVersion = 16.0.29102.190
MinimumVisualStudioVersion = 10.0.40219.1
Project("{FAE04EC0-301F-11D3-BF4B-00C04F79EFBC}") = "ConsoleDarts", "ConsoleDarts\ConsoleDarts.csproj", "{DD257BE9-B712-45E3-8CC6-9CA4085BE44B}"
EndProject
Global
	GlobalSection(SolutionConfigurationPlatforms) = preSolution
		Debug|Any CPU = Debug|Any CPU
		Release|Any CPU = Release|Any CPU
	EndGlobalSection
	GlobalSection(ProjectConfigurationPlatforms) = postSolution
		{DD257BE9-B712-45E3-8CC6-9CA4085BE44B}.Debug|Any CPU.ActiveCfg = Debug|Any CPU
		{DD257BE9-B712-45E3-8CC6-9CA4085BE44B}.Debug|Any CPU.Build.0 = Debug|Any CPU
		{DD257BE9-B712-45E3-8CC6-9CA4085BE44B}.Release|Any CPU.ActiveCfg = Release|Any CPU
		{DD257BE9-B712-45E3-8CC6-9CA4085BE44B}.Release|Any CPU.Build.0 = Release|Any CPU
	EndGlobalSection
	GlobalSection(SolutionProperties) = preSolution
		HideSolutionNode = FALSE
	EndGlobalSection
	GlobalSection(ExtensibilityGlobals) = postSolution
		SolutionGuid = {A3376FEA-3806-4811-8C66-DB9EC3276718}
	EndGlobalSection
EndGlobal
